{
  "name": "d352e76cc6b4974c",
  "lockfileVersion": 3,
  "requires": true,
  "packages": {
    "": {
      "dependencies": {
        "create-playwright": "^1.17.139"
      }
    },
    "node_modules/create-playwright": {
      "version": "1.17.139",
      "resolved": "https://registry.npmjs.org/create-playwright/-/create-playwright-1.17.139.tgz",
      "integrity": "sha512-be59wywAD7GxnTqCCc2T0Ujps9t4MYpVWxbP9hT2tOBRrRKBwMcU1HhLzhT70FiaLPqxuImqQQFp5s5yO9Qp3A==",
      "license": "Apache-2.0",
      "bin": {
        "create-playwright": "index.js"
      },
      "engines": {
        "node": ">=18"
      }
    }
  }
}
